
Microsoft Visual Studio Solution File, Format Version 12.00
# Visual Studio 15
VisualStudioVersion = 15.0.28307.271
MinimumVisualStudioVersion = 10.0.40219.1
Project("{FAE04EC0-301F-11D3-BF4B-00C04F79EFBC}") = "imdb517", "imdb517\imdb517.csproj", "{32CAFE62-0AB4-40D9-A30C-98A87058374E}"
EndProject
Global
	GlobalSection(SolutionConfigurationPlatforms) = preSolution
		Debug|Any CPU = Debug|Any CPU
		Release|Any CPU = Release|Any CPU
	EndGlobalSection
	GlobalSection(ProjectConfigurationPlatforms) = postSolution
		{32CAFE62-0AB4-40D9-A30C-98A87058374E}.Debug|Any CPU.ActiveCfg = Debug|Any CPU
		{32CAFE62-0AB4-40D9-A30C-98A87058374E}.Debug|Any CPU.Build.0 = Debug|Any CPU
		{32CAFE62-0AB4-40D9-A30C-98A87058374E}.Release|Any CPU.ActiveCfg = Release|Any CPU
		{32CAFE62-0AB4-40D9-A30C-98A87058374E}.Release|Any CPU.Build.0 = Release|Any CPU
	EndGlobalSection
	GlobalSection(SolutionProperties) = preSolution
		HideSolutionNode = FALSE
	EndGlobalSection
	GlobalSection(ExtensibilityGlobals) = postSolution
		SolutionGuid = {5900C862-6F18-4C07-9511-8515D4449807}
	EndGlobalSection
EndGlobal
